// !$*UTF8*$!
{
	archiveVersion = 1;
	classes = {
	};
	objectVersion = 50;
	objects = {

/* Begin PBXBuildFile section */
		44E195E2B3828D1A0427E622 /* Pods_ToDo.framework in Frameworks */ = {isa = PBXBuildFile; fileRef = 1892BFD92F200FBD01CED37F /* Pods_ToDo.framework */; };
		6177DC5A2213EB4B006A1267 /* AppDelegate.swift in Sources */ = {isa = PBXBuildFile; fileRef = 6177DC592213EB4B006A1267 /* AppDelegate.swift */; };
		6177DC5C2213EB4B006A1267 /* ToDoListViewController.swift in Sources */ = {isa = PBXBuildFile; fileRef = 6177DC5B2213EB4B006A1267 /* ToDoListViewController.swift */; };
		6177DC5F2213EB4B006A1267 /* Main.storyboard in Resources */ = {isa = PBXBuildFile; fileRef = 6177DC5D2213EB4B006A1267 /* Main.storyboard */; };
		6177DC612213EB4D006A1267 /* Assets.xcassets in Resources */ = {isa = PBXBuildFile; fileRef = 6177DC602213EB4D006A1267 /* Assets.xcassets */; };
		6177DC642213EB4D006A1267 /* LaunchScreen.storyboard in Resources */ = {isa = PBXBuildFile; fileRef = 6177DC622213EB4D006A1267 /* LaunchScreen.storyboard */; };
		617D625E221A89B0005C4B1E /* CategoryTableViewController.swift in Sources */ = {isa = PBXBuildFile; fileRef = 617D625D221A89B0005C4B1E /* CategoryTableViewController.swift */; };
		61A9A1F8221AFEC000CFF3D4 /* Category.swift in Sources */ = {isa = PBXBuildFile; fileRef = 61A9A1F7221AFEC000CFF3D4 /* Category.swift */; };
		61A9A1FA221AFECA00CFF3D4 /* Item.swift in Sources */ = {isa = PBXBuildFile; fileRef = 61A9A1F9221AFECA00CFF3D4 /* Item.swift */; };
/* End PBXBuildFile section */

/* Begin PBXFileReference section */
		1892BFD92F200FBD01CED37F /* Pods_ToDo.framework */ = {isa = PBXFileReference; explicitFileType = wrapper.framework; includeInIndex = 0; path = Pods_ToDo.framework; sourceTree = BUILT_PRODUCTS_DIR; };
		6177DC562213EB4B006A1267 /* ToDo.app */ = {isa = PBXFileReference; explicitFileType = wrapper.application; includeInIndex = 0; path = ToDo.app; sourceTree = BUILT_PRODUCTS_DIR; };
		6177DC592213EB4B006A1267 /* AppDelegate.swift */ = {isa = PBXFileReference; lastKnownFileType = sourcecode.swift; path = AppDelegate.swift; sourceTree = "<group>"; };
		6177DC5B2213EB4B006A1267 /* ToDoListViewController.swift */ = {isa = PBXFileReference; lastKnownFileType = sourcecode.swift; path = ToDoListViewController.swift; sourceTree = "<group>"; };
		6177DC5E2213EB4B006A1267 /* Base */ = {isa = PBXFileReference; lastKnownFileType = file.storyboard; name = Base; path = Base.lproj/Main.storyboard; sourceTree = "<group>"; };
		6177DC602213EB4D006A1267 /* Assets.xcassets */ = {isa = PBXFileReference; lastKnownFileType = folder.assetcatalog; path = Assets.xcassets; sourceTree = "<group>"; };
		6177DC632213EB4D006A1267 /* Base */ = {isa = PBXFileReference; lastKnownFileType = file.storyboard; name = Base; path = Base.lproj/LaunchScreen.storyboard; sourceTree = "<group>"; };
		6177DC652213EB4D006A1267 /* Info.plist */ = {isa = PBXFileReference; lastKnownFileType = text.plist.xml; path = Info.plist; sourceTree = "<group>"; };
		617D625D221A89B0005C4B1E /* CategoryTableViewController.swift */ = {isa = PBXFileReference; lastKnownFileType = sourcecode.swift; path = CategoryTableViewController.swift; sourceTree = "<group>"; };
		61A9A1F7221AFEC000CFF3D4 /* Category.swift */ = {isa = PBXFileReference; lastKnownFileType = sourcecode.swift; path = Category.swift; sourceTree = "<group>"; };
		61A9A1F9221AFECA00CFF3D4 /* Item.swift */ = {isa = PBXFileReference; lastKnownFileType = sourcecode.swift; path = Item.swift; sourceTree = "<group>"; };
		B45C0CD3F1D3668609EA5A01 /* Pods-ToDo.release.xcconfig */ = {isa = PBXFileReference; includeInIndex = 1; lastKnownFileType = text.xcconfig; name = "Pods-ToDo.release.xcconfig"; path = "Pods/Target Support Files/Pods-ToDo/Pods-ToDo.release.xcconfig"; sourceTree = "<group>"; };
		E1E221A26361D92EEEF01A7D /* Pods-ToDo.debug.xcconfig */ = {isa = PBXFileReference; includeInIndex = 1; lastKnownFileType = text.xcconfig; name = "Pods-ToDo.debug.xcconfig"; path = "Pods/Target Support Files/Pods-ToDo/Pods-ToDo.debug.xcconfig"; sourceTree = "<group>"; };
/* End PBXFileReference section */

/* Begin PBXFrameworksBuildPhase section */
		6177DC532213EB4B006A1267 /* Frameworks */ = {
			isa = PBXFrameworksBuildPhase;
			buildActionMask = 2147483647;
			files = (
				44E195E2B3828D1A0427E622 /* Pods_ToDo.framework in Frameworks */,
			);
			runOnlyForDeploymentPostprocessing = 0;
		};
/* End PBXFrameworksBuildPhase section */

/* Begin PBXGroup section */
		616234F9221702110028CF25 /* Model */ = {
			isa = PBXGroup;
			children = (
				61A9A1F7221AFEC000CFF3D4 /* Category.swift */,
				61A9A1F9221AFECA00CFF3D4 /* Item.swift */,
			);
			path = Model;
			sourceTree = "<group>";
		};
		616234FA2217022D0028CF25 /* Controller */ = {
			isa = PBXGroup;
			children = (
				617D625D221A89B0005C4B1E /* CategoryTableViewController.swift */,
				6177DC5B2213EB4B006A1267 /* ToDoListViewController.swift */,
			);
			path = Controller;
			sourceTree = "<group>";
		};
		616234FB221702370028CF25 /* View */ = {
			isa = PBXGroup;
			children = (
				6177DC5D2213EB4B006A1267 /* Main.storyboard */,
			);
			path = View;
			sourceTree = "<group>";
		};
		616234FC2217026F0028CF25 /* Supporting files */ = {
			isa = PBXGroup;
			children = (
				6177DC602213EB4D006A1267 /* Assets.xcassets */,
				6177DC622213EB4D006A1267 /* LaunchScreen.storyboard */,
			);
			path = "Supporting files";
			sourceTree = "<group>";
		};
		6177DC4D2213EB4B006A1267 = {
			isa = PBXGroup;
			children = (
				6177DC582213EB4B006A1267 /* ToDo */,
				6177DC572213EB4B006A1267 /* Products */,
				715F8C0A33EBDD68830A6695 /* Pods */,
				9C71CE8E4429702C8C25B599 /* Frameworks */,
			);
			sourceTree = "<group>";
		};
		6177DC572213EB4B006A1267 /* Products */ = {
			isa = PBXGroup;
			children = (
				6177DC562213EB4B006A1267 /* ToDo.app */,
			);
			name = Products;
			sourceTree = "<group>";
		};
		6177DC582213EB4B006A1267 /* ToDo */ = {
			isa = PBXGroup;
			children = (
				6177DC592213EB4B006A1267 /* AppDelegate.swift */,
				616234FA2217022D0028CF25 /* Controller */,
				616234F9221702110028CF25 /* Model */,
				616234FB221702370028CF25 /* View */,
				616234FC2217026F0028CF25 /* Supporting files */,
				6177DC652213EB4D006A1267 /* Info.plist */,
			);
			path = ToDo;
			sourceTree = "<group>";
		};
		715F8C0A33EBDD68830A6695 /* Pods */ = {
			isa = PBXGroup;
			children = (
				E1E221A26361D92EEEF01A7D /* Pods-ToDo.debug.xcconfig */,
				B45C0CD3F1D3668609EA5A01 /* Pods-ToDo.release.xcconfig */,
			);
			name = Pods;
			sourceTree = "<group>";
		};
		9C71CE8E4429702C8C25B599 /* Frameworks */ = {
			isa = PBXGroup;
			children = (
				1892BFD92F200FBD01CED37F /* Pods_ToDo.framework */,
			);
			name = Frameworks;
			sourceTree = "<group>";
		};
/* End PBXGroup section */

/* Begin PBXNativeTarget section */
		6177DC552213EB4B006A1267 /* ToDo */ = {
			isa = PBXNativeTarget;
			buildConfigurationList = 6177DC682213EB4D006A1267 /* Build configuration list for PBXNativeTarget "ToDo" */;
			buildPhases = (
				6F36FD3756BEACE3ACE1EC71 /* [CP] Check Pods Manifest.lock */,
				6177DC522213EB4B006A1267 /* Sources */,
				6177DC532213EB4B006A1267 /* Frameworks */,
				6177DC542213EB4B006A1267 /* Resources */,
				1305264C150EFD27CAAECBC9 /* [CP] Embed Pods Frameworks */,
			);
			buildRules = (
			);
			dependencies = (
			);
			name = ToDo;
			productName = ToDo;
			productReference = 6177DC562213EB4B006A1267 /* ToDo.app */;
			productType = "com.apple.product-type.application";
		};
/* End PBXNativeTarget section */

/* Begin PBXProject section */
		6177DC4E2213EB4B006A1267 /* Project object */ = {
			isa = PBXProject;
			attributes = {
				LastSwiftUpdateCheck = 1010;
				LastUpgradeCheck = 1010;
				ORGANIZATIONNAME = Nishit;
				TargetAttributes = {
					6177DC552213EB4B006A1267 = {
						CreatedOnToolsVersion = 10.1;
					};
				};
			};
			buildConfigurationList = 6177DC512213EB4B006A1267 /* Build configuration list for PBXProject "ToDo" */;
			compatibilityVersion = "Xcode 9.3";
			developmentRegion = en;
			hasScannedForEncodings = 0;
			knownRegions = (
				en,
				Base,
			);
			mainGroup = 6177DC4D2213EB4B006A1267;
			productRefGroup = 6177DC572213EB4B006A1267 /* Products */;
			projectDirPath = "";
			projectRoot = "";
			targets = (
				6177DC552213EB4B006A1267 /* ToDo */,
			);
		};
/* End PBXProject section */

/* Begin PBXResourcesBuildPhase section */
		6177DC542213EB4B006A1267 /* Resources */ = {
			isa = PBXResourcesBuildPhase;
			buildActionMask = 2147483647;
			files = (
				6177DC642213EB4D006A1267 /* LaunchScreen.storyboard in Resources */,
				6177DC612213EB4D006A1267 /* Assets.xcassets in Resources */,
				6177DC5F2213EB4B006A1267 /* Main.storyboard in Resources */,
			);
			runOnlyForDeploymentPostprocessing = 0;
		};
/* End PBXResourcesBuildPhase section */

/* Begin PBXShellScriptBuildPhase section */
		1305264C150EFD27CAAECBC9 /* [CP] Embed Pods Frameworks */ = {
			isa = PBXShellScriptBuildPhase;
			buildActionMask = 2147483647;
			files = (
			);
			inputPaths = (
				"${SRCROOT}/Pods/Target Support Files/Pods-ToDo/Pods-ToDo-frameworks.sh",
				"${BUILT_PRODUCTS_DIR}/Realm/Realm.framework",
				"${BUILT_PRODUCTS_DIR}/RealmSwift/RealmSwift.framework",
			);
			name = "[CP] Embed Pods Frameworks";
			outputPaths = (
				"${TARGET_BUILD_DIR}/${FRAMEWORKS_FOLDER_PATH}/Realm.framework",
				"${TARGET_BUILD_DIR}/${FRAMEWORKS_FOLDER_PATH}/RealmSwift.framework",
			);
			runOnlyForDeploymentPostprocessing = 0;
			shellPath = /bin/sh;
			shellScript = "\"${SRCROOT}/Pods/Target Support Files/Pods-ToDo/Pods-ToDo-frameworks.sh\"\n";
			showEnvVarsInLog = 0;
		};
		6F36FD3756BEACE3ACE1EC71 /* [CP] Check Pods Manifest.lock */ = {
			isa = PBXShellScriptBuildPhase;
			buildActionMask = 2147483647;
			files = (
			);
			inputPaths = (
				"${PODS_PODFILE_DIR_PATH}/Podfile.lock",
				"${PODS_ROOT}/Manifest.lock",
			);
			name = "[CP] Check Pods Manifest.lock";
			outputPaths = (
				"$(DERIVED_FILE_DIR)/Pods-ToDo-checkManifestLockResult.txt",
			);
			runOnlyForDeploymentPostprocessing = 0;
			shellPath = /bin/sh;
			shellScript = "diff \"${PODS_PODFILE_DIR_PATH}/Podfile.lock\" \"${PODS_ROOT}/Manifest.lock\" > /dev/null\nif [ $? != 0 ] ; then\n    # print error to STDERR\n    echo \"error: The sandbox is not in sync with the Podfile.lock. Run 'pod install' or update your CocoaPods installation.\" >&2\n    exit 1\nfi\n# This output is used by Xcode 'outputs' to avoid re-running this script phase.\necho \"SUCCESS\" > \"${SCRIPT_OUTPUT_FILE_0}\"\n";
			showEnvVarsInLog = 0;
		};
/* End PBXShellScriptBuildPhase section */

/* Begin PBXSourcesBuildPhase section */
		6177DC522213EB4B006A1267 /* Sources */ = {
			isa = PBXSourcesBuildPhase;
			buildActionMask = 2147483647;
			files = (
				6177DC5C2213EB4B006A1267 /* ToDoListViewController.swift in Sources */,
				61A9A1F8221AFEC000CFF3D4 /* Category.swift in Sources */,
				6177DC5A2213EB4B006A1267 /* AppDelegate.swift in Sources */,
				61A9A1FA221AFECA00CFF3D4 /* Item.swift in Sources */,
				617D625E221A89B0005C4B1E /* CategoryTableViewController.swift in Sources */,
			);
			runOnlyForDeploymentPostprocessing = 0;
		};
/* End PBXSourcesBuildPhase section */

/* Begin PBXVariantGroup section */
		6177DC5D2213EB4B006A1267 /* Main.storyboard */ = {
			isa = PBXVariantGroup;
			children = (
				6177DC5E2213EB4B006A1267 /* Base */,
			);
			name = Main.storyboard;
			sourceTree = "<group>";
		};
		6177DC622213EB4D006A1267 /* LaunchScreen.storyboard */ = {
			isa = PBXVariantGroup;
			children = (
				6177DC632213EB4D006A1267 /* Base */,
			);
			name = LaunchScreen.storyboard;
			sourceTree = "<group>";
		};
/* End PBXVariantGroup section */

/* Begin XCBuildConfiguration section */
		6177DC662213EB4D006A1267 /* Debug */ = {
			isa = XCBuildConfiguration;
			buildSettings = {
				ALWAYS_SEARCH_USER_PATHS = NO;
				CLANG_ANALYZER_NONNULL = YES;
				CLANG_ANALYZER_NUMBER_OBJECT_CONVERSION = YES_AGGRESSIVE;
				CLANG_CXX_LANGUAGE_STANDARD = "gnu++14";
				CLANG_CXX_LIBRARY = "libc++";
				CLANG_ENABLE_MODULES = YES;
				CLANG_ENABLE_OBJC_ARC = YES;
				CLANG_ENABLE_OBJC_WEAK = YES;
				CLANG_WARN_BLOCK_CAPTURE_AUTORELEASING = YES;
				CLANG_WARN_BOOL_CONVERSION = YES;
				CLANG_WARN_COMMA = YES;
				CLANG_WARN_CONSTANT_CONVERSION = YES;
				CLANG_WARN_DEPRECATED_OBJC_IMPLEMENTATIONS = YES;
				CLANG_WARN_DIRECT_OBJC_ISA_USAGE = YES_ERROR;
				CLANG_WARN_DOCUMENTATION_COMMENTS = YES;
				CLANG_WARN_EMPTY_BODY = YES;
				CLANG_WARN_ENUM_CONVERSION = YES;
				CLANG_WARN_INFINITE_RECURSION = YES;
				CLANG_WARN_INT_CONVERSION = YES;
				CLANG_WARN_NON_LITERAL_NULL_CONVERSION = YES;
				CLANG_WARN_OBJC_IMPLICIT_RETAIN_SELF = YES;
				CLANG_WARN_OBJC_LITERAL_CONVERSION = YES;
				CLANG_WARN_OBJC_ROOT_CLASS = YES_ERROR;
				CLANG_WARN_RANGE_LOOP_ANALYSIS = YES;
				CLANG_WARN_STRICT_PROTOTYPES = YES;
				CLANG_WARN_SUSPICIOUS_MOVE = YES;
				CLANG_WARN_UNGUARDED_AVAILABILITY = YES_AGGRESSIVE;
				CLANG_WARN_UNREACHABLE_CODE = YES;
				CLANG_WARN__DUPLICATE_METHOD_MATCH = YES;
				CODE_SIGN_IDENTITY = "iPhone Developer";
				COPY_PHASE_STRIP = NO;
				DEBUG_INFORMATION_FORMAT = dwarf;
				ENABLE_STRICT_OBJC_MSGSEND = YES;
				ENABLE_TESTABILITY = YES;
				GCC_C_LANGUAGE_STANDARD = gnu11;
				GCC_DYNAMIC_NO_PIC = NO;
				GCC_NO_COMMON_BLOCKS = YES;
				GCC_OPTIMIZATION_LEVEL = 0;
				GCC_PREPROCESSOR_DEFINITIONS = (
					"DEBUG=1",
					"$(inherited)",
				);
				GCC_WARN_64_TO_32_BIT_CONVERSION = YES;
				GCC_WARN_ABOUT_RETURN_TYPE = YES_ERROR;
				GCC_WARN_UNDECLARED_SELECTOR = YES;
				GCC_WARN_UNINITIALIZED_AUTOS = YES_AGGRESSIVE;
				GCC_WARN_UNUSED_FUNCTION = YES;
				GCC_WARN_UNUSED_VARIABLE = YES;
				IPHONEOS_DEPLOYMENT_TARGET = 12.1;
				MTL_ENABLE_DEBUG_INFO = INCLUDE_SOURCE;
				MTL_FAST_MATH = YES;
				ONLY_ACTIVE_ARCH = YES;
				SDKROOT = iphoneos;
				SWIFT_ACTIVE_COMPILATION_CONDITIONS = DEBUG;
				SWIFT_OPTIMIZATION_LEVEL = "-Onone";
			};
			name = Debug;
		};
		6177DC672213EB4D006A1267 /* Release */ = {
			isa = XCBuildConfiguration;
			buildSettings = {
				ALWAYS_SEARCH_USER_PATHS = NO;
				CLANG_ANALYZER_NONNULL = YES;
				CLANG_ANALYZER_NUMBER_OBJECT_CONVERSION = YES_AGGRESSIVE;
				CLANG_CXX_LANGUAGE_STANDARD = "gnu++14";
				CLANG_CXX_LIBRARY = "libc++";
				CLANG_ENABLE_MODULES = YES;
				CLANG_ENABLE_OBJC_ARC = YES;
				CLANG_ENABLE_OBJC_WEAK = YES;
				CLANG_WARN_BLOCK_CAPTURE_AUTORELEASING = YES;
				CLANG_WARN_BOOL_CONVERSION = YES;
				CLANG_WARN_COMMA = YES;
				CLANG_WARN_CONSTANT_CONVERSION = YES;
				CLANG_WARN_DEPRECATED_OBJC_IMPLEMENTATIONS = YES;
				CLANG_WARN_DIRECT_OBJC_ISA_USAGE = YES_ERROR;
				CLANG_WARN_DOCUMENTATION_COMMENTS = YES;
				CLANG_WARN_EMPTY_BODY = YES;
				CLANG_WARN_ENUM_CONVERSION = YES;
				CLANG_WARN_INFINITE_RECURSION = YES;
				CLANG_WARN_INT_CONVERSION = YES;
				CLANG_WARN_NON_LITERAL_NULL_CONVERSION = YES;
				CLANG_WARN_OBJC_IMPLICIT_RETAIN_SELF = YES;
				CLANG_WARN_OBJC_LITERAL_CONVERSION = YES;
				CLANG_WARN_OBJC_ROOT_CLASS = YES_ERROR;
				CLANG_WARN_RANGE_LOOP_ANALYSIS = YES;
				CLANG_WARN_STRICT_PROTOTYPES = YES;
				CLANG_WARN_SUSPICIOUS_MOVE = YES;
				CLANG_WARN_UNGUARDED_AVAILABILITY = YES_AGGRESSIVE;
				CLANG_WARN_UNREACHABLE_CODE = YES;
				CLANG_WARN__DUPLICATE_METHOD_MATCH = YES;
				CODE_SIGN_IDENTITY = "iPhone Developer";
				COPY_PHASE_STRIP = NO;
				DEBUG_INFORMATION_FORMAT = "dwarf-with-dsym";
				ENABLE_NS_ASSERTIONS = NO;
				ENABLE_STRICT_OBJC_MSGSEND = YES;
				GCC_C_LANGUAGE_STANDARD = gnu11;
				GCC_NO_COMMON_BLOCKS = YES;
				GCC_WARN_64_TO_32_BIT_CONVERSION = YES;
				GCC_WARN_ABOUT_RETURN_TYPE = YES_ERROR;
				GCC_WARN_UNDECLARED_SELECTOR = YES;
				GCC_WARN_UNINITIALIZED_AUTOS = YES_AGGRESSIVE;
				GCC_WARN_UNUSED_FUNCTION = YES;
				GCC_WARN_UNUSED_VARIABLE = YES;
				IPHONEOS_DEPLOYMENT_TARGET = 12.1;
				MTL_ENABLE_DEBUG_INFO = NO;
				MTL_FAST_MATH = YES;
				SDKROOT = iphoneos;
				SWIFT_COMPILATION_MODE = wholemodule;
				SWIFT_OPTIMIZATION_LEVEL = "-O";
				VALIDATE_PRODUCT = YES;
			};
			name = Release;
		};
		6177DC692213EB4D006A1267 /* Debug */ = {
			isa = XCBuildConfiguration;
			baseConfigurationReference = E1E221A26361D92EEEF01A7D /* Pods-ToDo.debug.xcconfig */;
			buildSettings = {
				ASSETCATALOG_COMPILER_APPICON_NAME = AppIcon;
				CODE_SIGN_STYLE = Automatic;
				DEVELOPMENT_TEAM = C9JRKZNK7M;
				INFOPLIST_FILE = ToDo/Info.plist;
				IPHONEOS_DEPLOYMENT_TARGET = 11.1;
				LD_RUNPATH_SEARCH_PATHS = (
					"$(inherited)",
					"@executable_path/Frameworks",
				);
				PRODUCT_BUNDLE_IDENTIFIER = com.nishit.ToDo;
				PRODUCT_NAME = "$(TARGET_NAME)";
				SWIFT_VERSION = 4.2;
				TARGETED_DEVICE_FAMILY = "1,2";
			};
			name = Debug;
		};
		6177DC6A2213EB4D006A1267 /* Release */ = {
			isa = XCBuildConfiguration;
			baseConfigurationReference = B45C0CD3F1D3668609EA5A01 /* Pods-ToDo.release.xcconfig */;
			buildSettings = {
				ASSETCATALOG_COMPILER_APPICON_NAME = AppIcon;
				CODE_SIGN_STYLE = Automatic;
				DEVELOPMENT_TEAM = C9JRKZNK7M;
				INFOPLIST_FILE = ToDo/Info.plist;
				IPHONEOS_DEPLOYMENT_TARGET = 11.1;
				LD_RUNPATH_SEARCH_PATHS = (
					"$(inherited)",
					"@executable_path/Frameworks",
				);
				PRODUCT_BUNDLE_IDENTIFIER = com.nishit.ToDo;
				PRODUCT_NAME = "$(TARGET_NAME)";
				SWIFT_VERSION = 4.2;
				TARGETED_DEVICE_FAMILY = "1,2";
			};
			name = Release;
		};
/* End XCBuildConfiguration section */

/* Begin XCConfigurationList section */
		6177DC512213EB4B006A1267 /* Build configuration list for PBXProject "ToDo" */ = {
			isa = XCConfigurationList;
			buildConfigurations = (
				6177DC662213EB4D006A1267 /* Debug */,
				6177DC672213EB4D006A1267 /* Release */,
			);
			defaultConfigurationIsVisible = 0;
			defaultConfigurationName = Release;
		};
		6177DC682213EB4D006A1267 /* Build configuration list for PBXNativeTarget "ToDo" */ = {
			isa = XCConfigurationList;
			buildConfigurations = (
				6177DC692213EB4D006A1267 /* Debug */,
				6177DC6A2213EB4D006A1267 /* Release */,
			);
			defaultConfigurationIsVisible = 0;
			defaultConfigurationName = Release;
		};
/* End XCConfigurationList section */
	};
	rootObject = 6177DC4E2213EB4B006A1267 /* Project object */;
}
